
Microsoft Visual Studio Solution File, Format Version 12.00
# Visual Studio 14
VisualStudioVersion = 14.0.25420.1
MinimumVisualStudioVersion = 10.0.40219.1
Project("{8BC9CEB8-8B4A-11D0-8D11-00A0C91BC942}") = "AYUH LIB", "[All] YUH LIB\[All] YUH LIB.vcxproj", "{3BCD550E-D248-42D2-80D4-FD0415812B07}"
EndProject
Project("{8BC9CEB8-8B4A-11D0-8D11-00A0C91BC942}") = "Network", "Network\Network.vcxproj", "{C5985F93-F477-471E-8F4F-0C47BE7BDBCE}"
EndProject
Project("{8BC9CEB8-8B4A-11D0-8D11-00A0C91BC942}") = "System", "System\System.vcxproj", "{8CFB219E-8A84-4D29-B8C7-7E3282E350AF}"
EndProject
Project("{8BC9CEB8-8B4A-11D0-8D11-00A0C91BC942}") = "Window", "Window\Window.vcxproj", "{E4490637-DDF7-466A-9A71-8CCF96C80521}"
EndProject
Project("{8BC9CEB8-8B4A-11D0-8D11-00A0C91BC942}") = "Sound", "Sound\Sound.vcxproj", "{4C3A930D-4FFB-4738-9E9A-1F3BDAB9D657}"
EndProject
Project("{8BC9CEB8-8B4A-11D0-8D11-00A0C91BC942}") = "Graphics", "Graphics\Graphics.vcxproj", "{7C9C9929-9E97-4F54-A631-AE0E75594F71}"
EndProject
Project("{8BC9CEB8-8B4A-11D0-8D11-00A0C91BC942}") = "Physical", "Physical\Physical.vcxproj", "{EE504EC6-9224-48FF-B593-E8E39ACC72C6}"
EndProject
Project("{8BC9CEB8-8B4A-11D0-8D11-00A0C91BC942}") = "Math", "Math\Math.vcxproj", "{AAF9FAA6-CC04-42AC-9F89-62A4602C65F1}"
EndProject
Project("{8BC9CEB8-8B4A-11D0-8D11-00A0C91BC942}") = "Engine", "Engine\Engine.vcxproj", "{C35B2E6E-A4BE-44B2-8910-47ED3FCC6D6D}"
EndProject
Global
	GlobalSection(SolutionConfigurationPlatforms) = preSolution
		Debug|x64 = Debug|x64
		Debug|x86 = Debug|x86
		Release|x64 = Release|x64
		Release|x86 = Release|x86
	EndGlobalSection
	GlobalSection(ProjectConfigurationPlatforms) = postSolution
		{3BCD550E-D248-42D2-80D4-FD0415812B07}.Debug|x64.ActiveCfg = Debug|x64
		{3BCD550E-D248-42D2-80D4-FD0415812B07}.Debug|x64.Build.0 = Debug|x64
		{3BCD550E-D248-42D2-80D4-FD0415812B07}.Debug|x86.ActiveCfg = Debug|Win32
		{3BCD550E-D248-42D2-80D4-FD0415812B07}.Debug|x86.Build.0 = Debug|Win32
		{3BCD550E-D248-42D2-80D4-FD0415812B07}.Release|x64.ActiveCfg = Release|x64
		{3BCD550E-D248-42D2-80D4-FD0415812B07}.Release|x64.Build.0 = Release|x64
		{3BCD550E-D248-42D2-80D4-FD0415812B07}.Release|x86.ActiveCfg = Release|Win32
		{3BCD550E-D248-42D2-80D4-FD0415812B07}.Release|x86.Build.0 = Release|Win32
		{C5985F93-F477-471E-8F4F-0C47BE7BDBCE}.Debug|x64.ActiveCfg = Debug|x64
		{C5985F93-F477-471E-8F4F-0C47BE7BDBCE}.Debug|x64.Build.0 = Debug|x64
		{C5985F93-F477-471E-8F4F-0C47BE7BDBCE}.Debug|x86.ActiveCfg = Debug|Win32
		{C5985F93-F477-471E-8F4F-0C47BE7BDBCE}.Debug|x86.Build.0 = Debug|Win32
		{C5985F93-F477-471E-8F4F-0C47BE7BDBCE}.Release|x64.ActiveCfg = Release|x64
		{C5985F93-F477-471E-8F4F-0C47BE7BDBCE}.Release|x64.Build.0 = Release|x64
		{C5985F93-F477-471E-8F4F-0C47BE7BDBCE}.Release|x86.ActiveCfg = Release|Win32
		{C5985F93-F477-471E-8F4F-0C47BE7BDBCE}.Release|x86.Build.0 = Release|Win32
		{8CFB219E-8A84-4D29-B8C7-7E3282E350AF}.Debug|x64.ActiveCfg = Debug|x64
		{8CFB219E-8A84-4D29-B8C7-7E3282E350AF}.Debug|x64.Build.0 = Debug|x64
		{8CFB219E-8A84-4D29-B8C7-7E3282E350AF}.Debug|x86.ActiveCfg = Debug|Win32
		{8CFB219E-8A84-4D29-B8C7-7E3282E350AF}.Debug|x86.Build.0 = Debug|Win32
		{8CFB219E-8A84-4D29-B8C7-7E3282E350AF}.Release|x64.ActiveCfg = Release|x64
		{8CFB219E-8A84-4D29-B8C7-7E3282E350AF}.Release|x64.Build.0 = Release|x64
		{8CFB219E-8A84-4D29-B8C7-7E3282E350AF}.Release|x86.ActiveCfg = Release|Win32
		{8CFB219E-8A84-4D29-B8C7-7E3282E350AF}.Release|x86.Build.0 = Release|Win32
		{E4490637-DDF7-466A-9A71-8CCF96C80521}.Debug|x64.ActiveCfg = Debug|x64
		{E4490637-DDF7-466A-9A71-8CCF96C80521}.Debug|x64.Build.0 = Debug|x64
		{E4490637-DDF7-466A-9A71-8CCF96C80521}.Debug|x86.ActiveCfg = Debug|Win32
		{E4490637-DDF7-466A-9A71-8CCF96C80521}.Debug|x86.Build.0 = Debug|Win32
		{E4490637-DDF7-466A-9A71-8CCF96C80521}.Release|x64.ActiveCfg = Release|x64
		{E4490637-DDF7-466A-9A71-8CCF96C80521}.Release|x64.Build.0 = Release|x64
		{E4490637-DDF7-466A-9A71-8CCF96C80521}.Release|x86.ActiveCfg = Release|Win32
		{E4490637-DDF7-466A-9A71-8CCF96C80521}.Release|x86.Build.0 = Release|Win32
		{4C3A930D-4FFB-4738-9E9A-1F3BDAB9D657}.Debug|x64.ActiveCfg = Debug|x64
		{4C3A930D-4FFB-4738-9E9A-1F3BDAB9D657}.Debug|x64.Build.0 = Debug|x64
		{4C3A930D-4FFB-4738-9E9A-1F3BDAB9D657}.Debug|x86.ActiveCfg = Debug|Win32
		{4C3A930D-4FFB-4738-9E9A-1F3BDAB9D657}.Debug|x86.Build.0 = Debug|Win32
		{4C3A930D-4FFB-4738-9E9A-1F3BDAB9D657}.Release|x64.ActiveCfg = Release|x64
		{4C3A930D-4FFB-4738-9E9A-1F3BDAB9D657}.Release|x64.Build.0 = Release|x64
		{4C3A930D-4FFB-4738-9E9A-1F3BDAB9D657}.Release|x86.ActiveCfg = Release|Win32
		{4C3A930D-4FFB-4738-9E9A-1F3BDAB9D657}.Release|x86.Build.0 = Release|Win32
		{7C9C9929-9E97-4F54-A631-AE0E75594F71}.Debug|x64.ActiveCfg = Debug|x64
		{7C9C9929-9E97-4F54-A631-AE0E75594F71}.Debug|x64.Build.0 = Debug|x64
		{7C9C9929-9E97-4F54-A631-AE0E75594F71}.Debug|x86.ActiveCfg = Debug|Win32
		{7C9C9929-9E97-4F54-A631-AE0E75594F71}.Debug|x86.Build.0 = Debug|Win32
		{7C9C9929-9E97-4F54-A631-AE0E75594F71}.Release|x64.ActiveCfg = Release|x64
		{7C9C9929-9E97-4F54-A631-AE0E75594F71}.Release|x64.Build.0 = Release|x64
		{7C9C9929-9E97-4F54-A631-AE0E75594F71}.Release|x86.ActiveCfg = Release|Win32
		{7C9C9929-9E97-4F54-A631-AE0E75594F71}.Release|x86.Build.0 = Release|Win32
		{EE504EC6-9224-48FF-B593-E8E39ACC72C6}.Debug|x64.ActiveCfg = Debug|x64
		{EE504EC6-9224-48FF-B593-E8E39ACC72C6}.Debug|x64.Build.0 = Debug|x64
		{EE504EC6-9224-48FF-B593-E8E39ACC72C6}.Debug|x86.ActiveCfg = Debug|Win32
		{EE504EC6-9224-48FF-B593-E8E39ACC72C6}.Debug|x86.Build.0 = Debug|Win32
		{EE504EC6-9224-48FF-B593-E8E39ACC72C6}.Release|x64.ActiveCfg = Release|x64
		{EE504EC6-9224-48FF-B593-E8E39ACC72C6}.Release|x64.Build.0 = Release|x64
		{EE504EC6-9224-48FF-B593-E8E39ACC72C6}.Release|x86.ActiveCfg = Release|Win32
		{EE504EC6-9224-48FF-B593-E8E39ACC72C6}.Release|x86.Build.0 = Release|Win32
		{AAF9FAA6-CC04-42AC-9F89-62A4602C65F1}.Debug|x64.ActiveCfg = Debug|x64
		{AAF9FAA6-CC04-42AC-9F89-62A4602C65F1}.Debug|x64.Build.0 = Debug|x64
		{AAF9FAA6-CC04-42AC-9F89-62A4602C65F1}.Debug|x86.ActiveCfg = Debug|Win32
		{AAF9FAA6-CC04-42AC-9F89-62A4602C65F1}.Debug|x86.Build.0 = Debug|Win32
		{AAF9FAA6-CC04-42AC-9F89-62A4602C65F1}.Release|x64.ActiveCfg = Release|x64
		{AAF9FAA6-CC04-42AC-9F89-62A4602C65F1}.Release|x64.Build.0 = Release|x64
		{AAF9FAA6-CC04-42AC-9F89-62A4602C65F1}.Release|x86.ActiveCfg = Release|Win32
		{AAF9FAA6-CC04-42AC-9F89-62A4602C65F1}.Release|x86.Build.0 = Release|Win32
		{C35B2E6E-A4BE-44B2-8910-47ED3FCC6D6D}.Debug|x64.ActiveCfg = Debug|x64
		{C35B2E6E-A4BE-44B2-8910-47ED3FCC6D6D}.Debug|x64.Build.0 = Debug|x64
		{C35B2E6E-A4BE-44B2-8910-47ED3FCC6D6D}.Debug|x86.ActiveCfg = Debug|Win32
		{C35B2E6E-A4BE-44B2-8910-47ED3FCC6D6D}.Debug|x86.Build.0 = Debug|Win32
		{C35B2E6E-A4BE-44B2-8910-47ED3FCC6D6D}.Release|x64.ActiveCfg = Release|x64
		{C35B2E6E-A4BE-44B2-8910-47ED3FCC6D6D}.Release|x64.Build.0 = Release|x64
		{C35B2E6E-A4BE-44B2-8910-47ED3FCC6D6D}.Release|x86.ActiveCfg = Release|Win32
		{C35B2E6E-A4BE-44B2-8910-47ED3FCC6D6D}.Release|x86.Build.0 = Release|Win32
	EndGlobalSection
	GlobalSection(SolutionProperties) = preSolution
		HideSolutionNode = FALSE
	EndGlobalSection
EndGlobal
